
Microsoft Visual Studio Solution File, Format Version 12.00
# Visual Studio 15
VisualStudioVersion = 15.0.28307.572
MinimumVisualStudioVersion = 10.0.40219.1
Project("{8BC9CEB8-8B4A-11D0-8D11-00A0C91BC942}") = "Ugh_Eats_FINAL", "Ugh_Eats_FINAL\Ugh_Eats_FINAL.vcxproj", "{2FB256F6-F34C-4629-B21A-2DD2DF57D521}"
EndProject
Global
	GlobalSection(SolutionConfigurationPlatforms) = preSolution
		Debug|x64 = Debug|x64
		Debug|x86 = Debug|x86
		Release|x64 = Release|x64
		Release|x86 = Release|x86
	EndGlobalSection
	GlobalSection(ProjectConfigurationPlatforms) = postSolution
		{2FB256F6-F34C-4629-B21A-2DD2DF57D521}.Debug|x64.ActiveCfg = Debug|x64
		{2FB256F6-F34C-4629-B21A-2DD2DF57D521}.Debug|x64.Build.0 = Debug|x64
		{2FB256F6-F34C-4629-B21A-2DD2DF57D521}.Debug|x86.ActiveCfg = Debug|Win32
		{2FB256F6-F34C-4629-B21A-2DD2DF57D521}.Debug|x86.Build.0 = Debug|Win32
		{2FB256F6-F34C-4629-B21A-2DD2DF57D521}.Release|x64.ActiveCfg = Release|x64
		{2FB256F6-F34C-4629-B21A-2DD2DF57D521}.Release|x64.Build.0 = Release|x64
		{2FB256F6-F34C-4629-B21A-2DD2DF57D521}.Release|x86.ActiveCfg = Release|Win32
		{2FB256F6-F34C-4629-B21A-2DD2DF57D521}.Release|x86.Build.0 = Release|Win32
	EndGlobalSection
	GlobalSection(SolutionProperties) = preSolution
		HideSolutionNode = FALSE
	EndGlobalSection
	GlobalSection(ExtensibilityGlobals) = postSolution
		SolutionGuid = {91F5832C-B989-49C4-A520-7D5960E7F925}
	EndGlobalSection
EndGlobal
